
Microsoft Visual Studio Solution File, Format Version 12.00
# Visual Studio Version 17
VisualStudioVersion = 17.3.32811.315
MinimumVisualStudioVersion = 10.0.40219.1
Project("{FAE04EC0-301F-11D3-BF4B-00C04F79EFBC}") = "Deadbolt Backup Recovery", "Deadbolt Backup Recovery\Deadbolt Backup Recovery.csproj", "{0C4DBC41-162B-40CC-9501-1AEC6A6C8FAB}"
EndProject
Global
	GlobalSection(SolutionConfigurationPlatforms) = preSolution
		Debug|Any CPU = Debug|Any CPU
		Release|Any CPU = Release|Any CPU
	EndGlobalSection
	GlobalSection(ProjectConfigurationPlatforms) = postSolution
		{0C4DBC41-162B-40CC-9501-1AEC6A6C8FAB}.Debug|Any CPU.ActiveCfg = Debug|Any CPU
		{0C4DBC41-162B-40CC-9501-1AEC6A6C8FAB}.Debug|Any CPU.Build.0 = Debug|Any CPU
		{0C4DBC41-162B-40CC-9501-1AEC6A6C8FAB}.Release|Any CPU.ActiveCfg = Release|Any CPU
		{0C4DBC41-162B-40CC-9501-1AEC6A6C8FAB}.Release|Any CPU.Build.0 = Release|Any CPU
	EndGlobalSection
	GlobalSection(SolutionProperties) = preSolution
		HideSolutionNode = FALSE
	EndGlobalSection
	GlobalSection(ExtensibilityGlobals) = postSolution
		SolutionGuid = {37E4EAE2-6AF6-4670-8B4B-F825ECE0FBBE}
	EndGlobalSection
EndGlobal
